PODS:
  - AudioKit (2.2)

DEPENDENCIES:
  - AudioKit (from `https://raw.githubusercontent.com/audiokit/AudioKit/master/AudioKit.podspec.json`)

EXTERNAL SOURCES:
  AudioKit:
    :podspec: https://raw.githubusercontent.com/audiokit/AudioKit/master/AudioKit.podspec.json

SPEC CHECKSUMS:
  AudioKit: e66c5b54d44b32f010267d7896e1dc51bf8de26c

COCOAPODS: 0.38.2
