// !$*UTF8*$!
{
	archiveVersion = 1;
	classes = {
	};
	objectVersion = 46;
	objects = {

/* Begin PBXBuildFile section */
		1A53C3360B21DF7E19F11A6D /* libPods.a in Frameworks */ = {isa = PBXBuildFile; fileRef = 7CB31F260A43435A29AD1E0F /* libPods.a */; };
		C614B8651BAE83B700E57117 /* ZHOscillator.m in Sources */ = {isa = PBXBuildFile; fileRef = C614B8641BAE83B700E57117 /* ZHOscillator.m */; };
		C631A4B91BB0B0FD00A7A153 /* SKScene+Unarchive.m in Sources */ = {isa = PBXBuildFile; fileRef = C631A4B81BB0B0FD00A7A153 /* SKScene+Unarchive.m */; };
		C631A4BC1BB0B33700A7A153 /* ZHSettingsTableViewController.m in Sources */ = {isa = PBXBuildFile; fileRef = C631A4BB1BB0B33700A7A153 /* ZHSettingsTableViewController.m */; };
		C631A4C01BB0B37D00A7A153 /* ZHSparkEmitter.sks in Resources */ = {isa = PBXBuildFile; fileRef = C631A4BE1BB0B37D00A7A153 /* ZHSparkEmitter.sks */; };
		C631A4C11BB0B37D00A7A153 /* spark.png in Resources */ = {isa = PBXBuildFile; fileRef = C631A4BF1BB0B37D00A7A153 /* spark.png */; };
		C631A4CA1BB0C05F00A7A153 /* ZHVariableDelay.m in Sources */ = {isa = PBXBuildFile; fileRef = C631A4C91BB0C05F00A7A153 /* ZHVariableDelay.m */; };
		C6A5B83F1BB11B2800AA0E7B /* ZHCameraMonitor.m in Sources */ = {isa = PBXBuildFile; fileRef = C6A5B83E1BB11B2800AA0E7B /* ZHCameraMonitor.m */; };
		C6A5B8421BB122A700AA0E7B /* ZHViewController.m in Sources */ = {isa = PBXBuildFile; fileRef = C6A5B8411BB122A700AA0E7B /* ZHViewController.m */; };
		C6A5B8451BB122B800AA0E7B /* ZHTableViewController.m in Sources */ = {isa = PBXBuildFile; fileRef = C6A5B8441BB122B800AA0E7B /* ZHTableViewController.m */; };
		C6A5B8481BB122CA00AA0E7B /* ZHCollectionViewController.m in Sources */ = {isa = PBXBuildFile; fileRef = C6A5B8471BB122CA00AA0E7B /* ZHCollectionViewController.m */; };
		C6A5B8511BB124A200AA0E7B /* ZHTrailEmitter.sks in Resources */ = {isa = PBXBuildFile; fileRef = C6A5B8501BB124A200AA0E7B /* ZHTrailEmitter.sks */; };
		C6CEAFB11BA90CBC00569A38 /* ZHNotes.m in Sources */ = {isa = PBXBuildFile; fileRef = C6CEAFB01BA90CBC00569A38 /* ZHNotes.m */; };
		C6CEAFB71BA90F3500569A38 /* ZHUtilities.m in Sources */ = {isa = PBXBuildFile; fileRef = C6CEAFB61BA90F3500569A38 /* ZHUtilities.m */; };
		C6CEAFC81BA91CEF00569A38 /* UIViewController+AlertController.m in Sources */ = {isa = PBXBuildFile; fileRef = C6CEAFC31BA91CEF00569A38 /* UIViewController+AlertController.m */; };
		C6CEAFC91BA91CEF00569A38 /* UIColor+ZH.m in Sources */ = {isa = PBXBuildFile; fileRef = C6CEAFC51BA91CEF00569A38 /* UIColor+ZH.m */; };
		C6CEAFCA1BA91CEF00569A38 /* NSTimer+Blocks.m in Sources */ = {isa = PBXBuildFile; fileRef = C6CEAFC71BA91CEF00569A38 /* NSTimer+Blocks.m */; };
		C6CEAFD11BA9DB2400569A38 /* sdks.txt in Resources */ = {isa = PBXBuildFile; fileRef = C6CEAFD01BA9DB2400569A38 /* sdks.txt */; };
		C6CEAFD41BA9DB3A00569A38 /* notes.txt in Resources */ = {isa = PBXBuildFile; fileRef = C6CEAFD31BA9DB3A00569A38 /* notes.txt */; };
		C6FA4CC91BB108730070E038 /* ZHAudioController.m in Sources */ = {isa = PBXBuildFile; fileRef = C6FA4CC81BB108730070E038 /* ZHAudioController.m */; };
		C6FA4CCE1BB1088B0070E038 /* ZHSensorInput.m in Sources */ = {isa = PBXBuildFile; fileRef = C6FA4CCB1BB1088B0070E038 /* ZHSensorInput.m */; };
		C6FA4CCF1BB1088B0070E038 /* ZHSensors.m in Sources */ = {isa = PBXBuildFile; fileRef = C6FA4CCD1BB1088B0070E038 /* ZHSensors.m */; };
		C6FACC5C1BA8B26800976D09 /* main.m in Sources */ = {isa = PBXBuildFile; fileRef = C6FACC5B1BA8B26800976D09 /* main.m */; };
		C6FACC5F1BA8B26800976D09 /* AppDelegate.m in Sources */ = {isa = PBXBuildFile; fileRef = C6FACC5E1BA8B26800976D09 /* AppDelegate.m */; };
		C6FACC651BA8B26800976D09 /* Main.storyboard in Resources */ = {isa = PBXBuildFile; fileRef = C6FACC631BA8B26800976D09 /* Main.storyboard */; };
		C6FACC671BA8B26800976D09 /* Assets.xcassets in Resources */ = {isa = PBXBuildFile; fileRef = C6FACC661BA8B26800976D09 /* Assets.xcassets */; };
		C6FACC6A1BA8B26800976D09 /* LaunchScreen.storyboard in Resources */ = {isa = PBXBuildFile; fileRef = C6FACC681BA8B26800976D09 /* LaunchScreen.storyboard */; };
		C6FACC751BA8B26800976D09 /* SensorThereminTests.m in Sources */ = {isa = PBXBuildFile; fileRef = C6FACC741BA8B26800976D09 /* SensorThereminTests.m */; };
		C6FACC801BA8B26800976D09 /* SensorThereminUITests.m in Sources */ = {isa = PBXBuildFile; fileRef = C6FACC7F1BA8B26800976D09 /* SensorThereminUITests.m */; };
		C6FACC921BA8B35500976D09 /* ZHTouchScene.m in Sources */ = {isa = PBXBuildFile; fileRef = C6FACC8E1BA8B35500976D09 /* ZHTouchScene.m */; };
		C6FACC931BA8B35500976D09 /* ZHTouchScene.sks in Resources */ = {isa = PBXBuildFile; fileRef = C6FACC8F1BA8B35500976D09 /* ZHTouchScene.sks */; };
		C6FACC941BA8B35500976D09 /* ZHTouchViewController.m in Sources */ = {isa = PBXBuildFile; fileRef = C6FACC911BA8B35500976D09 /* ZHTouchViewController.m */; };
		C6FACC9C1BA8B3E300976D09 /* ZHMotionMonitor.m in Sources */ = {isa = PBXBuildFile; fileRef = C6FACC9B1BA8B3E300976D09 /* ZHMotionMonitor.m */; };
		C6FACCA01BA8B52400976D09 /* ZHSensor.m in Sources */ = {isa = PBXBuildFile; fileRef = C6FACC9F1BA8B52400976D09 /* ZHSensor.m */; };
/* End PBXBuildFile section */

/* Begin PBXContainerItemProxy section */
		C6FACC711BA8B26800976D09 /* PBXContainerItemProxy */ = {
			isa = PBXContainerItemProxy;
			containerPortal = C6FACC4F1BA8B26800976D09 /* Project object */;
			proxyType = 1;
			remoteGlobalIDString = C6FACC561BA8B26800976D09;
			remoteInfo = SensorTheremin;
		};
		C6FACC7C1BA8B26800976D09 /* PBXContainerItemProxy */ = {
			isa = PBXContainerItemProxy;
			containerPortal = C6FACC4F1BA8B26800976D09 /* Project object */;
			proxyType = 1;
			remoteGlobalIDString = C6FACC561BA8B26800976D09;
			remoteInfo = SensorTheremin;
		};
/* End PBXContainerItemProxy section */

/* Begin PBXFileReference section */
		7CB31F260A43435A29AD1E0F /* libPods.a */ = {isa = PBXFileReference; explicitFileType = archive.ar; includeInIndex = 0; path = libPods.a; sourceTree = BUILT_PRODUCTS_DIR; };
		83E6F9CBD2BA672284A20D54 /* Pods.release.xcconfig */ = {isa = PBXFileReference; includeInIndex = 1; lastKnownFileType = text.xcconfig; name = Pods.release.xcconfig; path = "Pods/Target Support Files/Pods/Pods.release.xcconfig"; sourceTree = "<group>"; };
		C614B8631BAE83B700E57117 /* ZHOscillator.h */ = {isa = PBXFileReference; fileEncoding = 4; lastKnownFileType = sourcecode.c.h; path = ZHOscillator.h; sourceTree = "<group>"; };
		C614B8641BAE83B700E57117 /* ZHOscillator.m */ = {isa = PBXFileReference; fileEncoding = 4; lastKnownFileType = sourcecode.c.objc; path = ZHOscillator.m; sourceTree = "<group>"; };
		C631A4B71BB0B0FD00A7A153 /* SKScene+Unarchive.h */ = {isa = PBXFileReference; fileEncoding = 4; lastKnownFileType = sourcecode.c.h; path = "SKScene+Unarchive.h"; sourceTree = "<group>"; };
		C631A4B81BB0B0FD00A7A153 /* SKScene+Unarchive.m */ = {isa = PBXFileReference; fileEncoding = 4; lastKnownFileType = sourcecode.c.objc; path = "SKScene+Unarchive.m"; sourceTree = "<group>"; };
		C631A4BA1BB0B33700A7A153 /* ZHSettingsTableViewController.h */ = {isa = PBXFileReference; fileEncoding = 4; lastKnownFileType = sourcecode.c.h; path = ZHSettingsTableViewController.h; sourceTree = "<group>"; };
		C631A4BB1BB0B33700A7A153 /* ZHSettingsTableViewController.m */ = {isa = PBXFileReference; fileEncoding = 4; lastKnownFileType = sourcecode.c.objc; path = ZHSettingsTableViewController.m; sourceTree = "<group>"; };
		C631A4BE1BB0B37D00A7A153 /* ZHSparkEmitter.sks */ = {isa = PBXFileReference; lastKnownFileType = file.sks; path = ZHSparkEmitter.sks; sourceTree = "<group>"; };
		C631A4BF1BB0B37D00A7A153 /* spark.png */ = {isa = PBXFileReference; lastKnownFileType = image.png; path = spark.png; sourceTree = "<group>"; };
		C631A4C81BB0C05F00A7A153 /* ZHVariableDelay.h */ = {isa = PBXFileReference; fileEncoding = 4; lastKnownFileType = sourcecode.c.h; path = ZHVariableDelay.h; sourceTree = "<group>"; };
		C631A4C91BB0C05F00A7A153 /* ZHVariableDelay.m */ = {isa = PBXFileReference; fileEncoding = 4; lastKnownFileType = sourcecode.c.objc; path = ZHVariableDelay.m; sourceTree = "<group>"; };
		C680BF101BB0EEE400E58F43 /* AKSoundFiles.bundle */ = {isa = PBXFileReference; lastKnownFileType = "wrapper.plug-in"; name = AKSoundFiles.bundle; path = ../AKSoundFiles.bundle; sourceTree = "<group>"; };
		C6A5B83D1BB11B2800AA0E7B /* ZHCameraMonitor.h */ = {isa = PBXFileReference; fileEncoding = 4; lastKnownFileType = sourcecode.c.h; name = ZHCameraMonitor.h; path = SensorTheremin/ZHCameraMonitor.h; sourceTree = "<group>"; };
		C6A5B83E1BB11B2800AA0E7B /* ZHCameraMonitor.m */ = {isa = PBXFileReference; fileEncoding = 4; lastKnownFileType = sourcecode.c.objc; name = ZHCameraMonitor.m; path = SensorTheremin/ZHCameraMonitor.m; sourceTree = "<group>"; };
		C6A5B8401BB122A700AA0E7B /* ZHViewController.h */ = {isa = PBXFileReference; fileEncoding = 4; lastKnownFileType = sourcecode.c.h; path = ZHViewController.h; sourceTree = "<group>"; };
		C6A5B8411BB122A700AA0E7B /* ZHViewController.m */ = {isa = PBXFileReference; fileEncoding = 4; lastKnownFileType = sourcecode.c.objc; path = ZHViewController.m; sourceTree = "<group>"; };
		C6A5B8431BB122B800AA0E7B /* ZHTableViewController.h */ = {isa = PBXFileReference; fileEncoding = 4; lastKnownFileType = sourcecode.c.h; path = ZHTableViewController.h; sourceTree = "<group>"; };
		C6A5B8441BB122B800AA0E7B /* ZHTableViewController.m */ = {isa = PBXFileReference; fileEncoding = 4; lastKnownFileType = sourcecode.c.objc; path = ZHTableViewController.m; sourceTree = "<group>"; };
		C6A5B8461BB122CA00AA0E7B /* ZHCollectionViewController.h */ = {isa = PBXFileReference; fileEncoding = 4; lastKnownFileType = sourcecode.c.h; path = ZHCollectionViewController.h; sourceTree = "<group>"; };
		C6A5B8471BB122CA00AA0E7B /* ZHCollectionViewController.m */ = {isa = PBXFileReference; fileEncoding = 4; lastKnownFileType = sourcecode.c.objc; path = ZHCollectionViewController.m; sourceTree = "<group>"; };
		C6A5B84A1BB1232500AA0E7B /* ZHViewImports.h */ = {isa = PBXFileReference; lastKnownFileType = sourcecode.c.h; path = ZHViewImports.h; sourceTree = "<group>"; };
		C6A5B8501BB124A200AA0E7B /* ZHTrailEmitter.sks */ = {isa = PBXFileReference; lastKnownFileType = file.sks; path = ZHTrailEmitter.sks; sourceTree = "<group>"; };
		C6CEAFAF1BA90CBC00569A38 /* ZHNotes.h */ = {isa = PBXFileReference; fileEncoding = 4; lastKnownFileType = sourcecode.c.h; path = ZHNotes.h; sourceTree = "<group>"; };
		C6CEAFB01BA90CBC00569A38 /* ZHNotes.m */ = {isa = PBXFileReference; fileEncoding = 4; lastKnownFileType = sourcecode.c.objc; path = ZHNotes.m; sourceTree = "<group>"; };
		C6CEAFB51BA90F3500569A38 /* ZHUtilities.h */ = {isa = PBXFileReference; fileEncoding = 4; lastKnownFileType = sourcecode.c.h; path = ZHUtilities.h; sourceTree = "<group>"; };
		C6CEAFB61BA90F3500569A38 /* ZHUtilities.m */ = {isa = PBXFileReference; fileEncoding = 4; lastKnownFileType = sourcecode.c.objc; path = ZHUtilities.m; sourceTree = "<group>"; };
		C6CEAFC21BA91CEF00569A38 /* UIViewController+AlertController.h */ = {isa = PBXFileReference; fileEncoding = 4; lastKnownFileType = sourcecode.c.h; path = "UIViewController+AlertController.h"; sourceTree = "<group>"; };
		C6CEAFC31BA91CEF00569A38 /* UIViewController+AlertController.m */ = {isa = PBXFileReference; fileEncoding = 4; lastKnownFileType = sourcecode.c.objc; path = "UIViewController+AlertController.m"; sourceTree = "<group>"; };
		C6CEAFC41BA91CEF00569A38 /* UIColor+ZH.h */ = {isa = PBXFileReference; fileEncoding = 4; lastKnownFileType = sourcecode.c.h; path = "UIColor+ZH.h"; sourceTree = "<group>"; };
		C6CEAFC51BA91CEF00569A38 /* UIColor+ZH.m */ = {isa = PBXFileReference; fileEncoding = 4; lastKnownFileType = sourcecode.c.objc; path = "UIColor+ZH.m"; sourceTree = "<group>"; };
		C6CEAFC61BA91CEF00569A38 /* NSTimer+Blocks.h */ = {isa = PBXFileReference; fileEncoding = 4; lastKnownFileType = sourcecode.c.h; path = "NSTimer+Blocks.h"; sourceTree = "<group>"; };
		C6CEAFC71BA91CEF00569A38 /* NSTimer+Blocks.m */ = {isa = PBXFileReference; fileEncoding = 4; lastKnownFileType = sourcecode.c.objc; path = "NSTimer+Blocks.m"; sourceTree = "<group>"; };
		C6CEAFD01BA9DB2400569A38 /* sdks.txt */ = {isa = PBXFileReference; fileEncoding = 4; lastKnownFileType = text; path = sdks.txt; sourceTree = "<group>"; };
		C6CEAFD31BA9DB3A00569A38 /* notes.txt */ = {isa = PBXFileReference; fileEncoding = 4; lastKnownFileType = text; path = notes.txt; sourceTree = "<group>"; };
		C6FA4CC71BB108730070E038 /* ZHAudioController.h */ = {isa = PBXFileReference; fileEncoding = 4; lastKnownFileType = sourcecode.c.h; name = ZHAudioController.h; path = SensorTheremin/ZHAudioController.h; sourceTree = "<group>"; };
		C6FA4CC81BB108730070E038 /* ZHAudioController.m */ = {isa = PBXFileReference; fileEncoding = 4; lastKnownFileType = sourcecode.c.objc; name = ZHAudioController.m; path = SensorTheremin/ZHAudioController.m; sourceTree = "<group>"; };
		C6FA4CCA1BB1088B0070E038 /* ZHSensorInput.h */ = {isa = PBXFileReference; fileEncoding = 4; lastKnownFileType = sourcecode.c.h; name = ZHSensorInput.h; path = SensorTheremin/ZHSensorInput.h; sourceTree = "<group>"; };
		C6FA4CCB1BB1088B0070E038 /* ZHSensorInput.m */ = {isa = PBXFileReference; fileEncoding = 4; lastKnownFileType = sourcecode.c.objc; name = ZHSensorInput.m; path = SensorTheremin/ZHSensorInput.m; sourceTree = "<group>"; };
		C6FA4CCC1BB1088B0070E038 /* ZHSensors.h */ = {isa = PBXFileReference; fileEncoding = 4; lastKnownFileType = sourcecode.c.h; name = ZHSensors.h; path = SensorTheremin/ZHSensors.h; sourceTree = "<group>"; };
		C6FA4CCD1BB1088B0070E038 /* ZHSensors.m */ = {isa = PBXFileReference; fileEncoding = 4; lastKnownFileType = sourcecode.c.objc; name = ZHSensors.m; path = SensorTheremin/ZHSensors.m; sourceTree = "<group>"; };
		C6FACC571BA8B26800976D09 /* SensorTheremin.app */ = {isa = PBXFileReference; explicitFileType = wrapper.application; includeInIndex = 0; path = SensorTheremin.app; sourceTree = BUILT_PRODUCTS_DIR; };
		C6FACC5B1BA8B26800976D09 /* main.m */ = {isa = PBXFileReference; lastKnownFileType = sourcecode.c.objc; path = main.m; sourceTree = "<group>"; };
		C6FACC5D1BA8B26800976D09 /* AppDelegate.h */ = {isa = PBXFileReference; lastKnownFileType = sourcecode.c.h; path = AppDelegate.h; sourceTree = "<group>"; };
		C6FACC5E1BA8B26800976D09 /* AppDelegate.m */ = {isa = PBXFileReference; lastKnownFileType = sourcecode.c.objc; path = AppDelegate.m; sourceTree = "<group>"; };
		C6FACC641BA8B26800976D09 /* Base */ = {isa = PBXFileReference; lastKnownFileType = file.storyboard; name = Base; path = Base.lproj/Main.storyboard; sourceTree = "<group>"; };
		C6FACC661BA8B26800976D09 /* Assets.xcassets */ = {isa = PBXFileReference; lastKnownFileType = folder.assetcatalog; path = Assets.xcassets; sourceTree = "<group>"; };
		C6FACC691BA8B26800976D09 /* Base */ = {isa = PBXFileReference; lastKnownFileType = file.storyboard; name = Base; path = Base.lproj/LaunchScreen.storyboard; sourceTree = "<group>"; };
		C6FACC6B1BA8B26800976D09 /* Info.plist */ = {isa = PBXFileReference; lastKnownFileType = text.plist.xml; path = Info.plist; sourceTree = "<group>"; };
		C6FACC701BA8B26800976D09 /* SensorThereminTests.xctest */ = {isa = PBXFileReference; explicitFileType = wrapper.cfbundle; includeInIndex = 0; path = SensorThereminTests.xctest; sourceTree = BUILT_PRODUCTS_DIR; };
		C6FACC741BA8B26800976D09 /* SensorThereminTests.m */ = {isa = PBXFileReference; lastKnownFileType = sourcecode.c.objc; path = SensorThereminTests.m; sourceTree = "<group>"; };
		C6FACC761BA8B26800976D09 /* Info.plist */ = {isa = PBXFileReference; lastKnownFileType = text.plist.xml; path = Info.plist; sourceTree = "<group>"; };
		C6FACC7B1BA8B26800976D09 /* SensorThereminUITests.xctest */ = {isa = PBXFileReference; explicitFileType = wrapper.cfbundle; includeInIndex = 0; path = SensorThereminUITests.xctest; sourceTree = BUILT_PRODUCTS_DIR; };
		C6FACC7F1BA8B26800976D09 /* SensorThereminUITests.m */ = {isa = PBXFileReference; lastKnownFileType = sourcecode.c.objc; path = SensorThereminUITests.m; sourceTree = "<group>"; };
		C6FACC811BA8B26800976D09 /* Info.plist */ = {isa = PBXFileReference; lastKnownFileType = text.plist.xml; path = Info.plist; sourceTree = "<group>"; };
		C6FACC8D1BA8B35500976D09 /* ZHTouchScene.h */ = {isa = PBXFileReference; fileEncoding = 4; lastKnownFileType = sourcecode.c.h; path = ZHTouchScene.h; sourceTree = "<group>"; };
		C6FACC8E1BA8B35500976D09 /* ZHTouchScene.m */ = {isa = PBXFileReference; fileEncoding = 4; lastKnownFileType = sourcecode.c.objc; path = ZHTouchScene.m; sourceTree = "<group>"; };
		C6FACC8F1BA8B35500976D09 /* ZHTouchScene.sks */ = {isa = PBXFileReference; lastKnownFileType = file.sks; path = ZHTouchScene.sks; sourceTree = "<group>"; };
		C6FACC901BA8B35500976D09 /* ZHTouchViewController.h */ = {isa = PBXFileReference; fileEncoding = 4; lastKnownFileType = sourcecode.c.h; path = ZHTouchViewController.h; sourceTree = "<group>"; };
		C6FACC911BA8B35500976D09 /* ZHTouchViewController.m */ = {isa = PBXFileReference; fileEncoding = 4; lastKnownFileType = sourcecode.c.objc; path = ZHTouchViewController.m; sourceTree = "<group>"; };
		C6FACC9A1BA8B3E300976D09 /* ZHMotionMonitor.h */ = {isa = PBXFileReference; fileEncoding = 4; lastKnownFileType = sourcecode.c.h; name = ZHMotionMonitor.h; path = SensorTheremin/ZHMotionMonitor.h; sourceTree = "<group>"; };
		C6FACC9B1BA8B3E300976D09 /* ZHMotionMonitor.m */ = {isa = PBXFileReference; fileEncoding = 4; lastKnownFileType = sourcecode.c.objc; name = ZHMotionMonitor.m; path = SensorTheremin/ZHMotionMonitor.m; sourceTree = "<group>"; };
		C6FACC9E1BA8B52400976D09 /* ZHSensor.h */ = {isa = PBXFileReference; fileEncoding = 4; lastKnownFileType = sourcecode.c.h; name = ZHSensor.h; path = SensorTheremin/ZHSensor.h; sourceTree = "<group>"; };
		C6FACC9F1BA8B52400976D09 /* ZHSensor.m */ = {isa = PBXFileReference; fileEncoding = 4; lastKnownFileType = sourcecode.c.objc; name = ZHSensor.m; path = SensorTheremin/ZHSensor.m; sourceTree = "<group>"; };
		FDC2A2D7C08DDBD42B258F76 /* Pods.debug.xcconfig */ = {isa = PBXFileReference; includeInIndex = 1; lastKnownFileType = text.xcconfig; name = Pods.debug.xcconfig; path = "Pods/Target Support Files/Pods/Pods.debug.xcconfig"; sourceTree = "<group>"; };
/* End PBXFileReference section */

/* Begin PBXFrameworksBuildPhase section */
		C6FACC541BA8B26800976D09 /* Frameworks */ = {
			isa = PBXFrameworksBuildPhase;
			buildActionMask = 2147483647;
			files = (
				1A53C3360B21DF7E19F11A6D /* libPods.a in Frameworks */,
			);
			runOnlyForDeploymentPostprocessing = 0;
		};
		C6FACC6D1BA8B26800976D09 /* Frameworks */ = {
			isa = PBXFrameworksBuildPhase;
			buildActionMask = 2147483647;
			files = (
			);
			runOnlyForDeploymentPostprocessing = 0;
		};
		C6FACC781BA8B26800976D09 /* Frameworks */ = {
			isa = PBXFrameworksBuildPhase;
			buildActionMask = 2147483647;
			files = (
			);
			runOnlyForDeploymentPostprocessing = 0;
		};
/* End PBXFrameworksBuildPhase section */

/* Begin PBXGroup section */
		B5536083930516D18FE108A1 /* Pods */ = {
			isa = PBXGroup;
			children = (
				FDC2A2D7C08DDBD42B258F76 /* Pods.debug.xcconfig */,
				83E6F9CBD2BA672284A20D54 /* Pods.release.xcconfig */,
			);
			name = Pods;
			sourceTree = "<group>";
		};
		C614B8661BAE83BA00E57117 /* Custom */ = {
			isa = PBXGroup;
			children = (
				C631A4C81BB0C05F00A7A153 /* ZHVariableDelay.h */,
				C631A4C91BB0C05F00A7A153 /* ZHVariableDelay.m */,
				C614B8631BAE83B700E57117 /* ZHOscillator.h */,
				C614B8641BAE83B700E57117 /* ZHOscillator.m */,
			);
			name = Custom;
			sourceTree = "<group>";
		};
		C631A4BD1BB0B33B00A7A153 /* Settings */ = {
			isa = PBXGroup;
			children = (
				C631A4BA1BB0B33700A7A153 /* ZHSettingsTableViewController.h */,
				C631A4BB1BB0B33700A7A153 /* ZHSettingsTableViewController.m */,
			);
			name = Settings;
			sourceTree = "<group>";
		};
		C631A4CB1BB0C07400A7A153 /* Orchestra */ = {
			isa = PBXGroup;
			children = (
				C614B8661BAE83BA00E57117 /* Custom */,
			);
			name = Orchestra;
			path = SensorTheremin;
			sourceTree = "<group>";
		};
		C680BF071BB0EABC00E58F43 /* Audio */ = {
			isa = PBXGroup;
			children = (
				C6FA4CC71BB108730070E038 /* ZHAudioController.h */,
				C6FA4CC81BB108730070E038 /* ZHAudioController.m */,
				C631A4CB1BB0C07400A7A153 /* Orchestra */,
			);
			name = Audio;
			sourceTree = "<group>";
		};
		C680BF081BB0EACC00E58F43 /* Sensors */ = {
			isa = PBXGroup;
			children = (
				C6FA4CCA1BB1088B0070E038 /* ZHSensorInput.h */,
				C6FA4CCB1BB1088B0070E038 /* ZHSensorInput.m */,
				C6FACC9E1BA8B52400976D09 /* ZHSensor.h */,
				C6FACC9F1BA8B52400976D09 /* ZHSensor.m */,
				C6FA4CCC1BB1088B0070E038 /* ZHSensors.h */,
				C6FA4CCD1BB1088B0070E038 /* ZHSensors.m */,
				C6FACC9A1BA8B3E300976D09 /* ZHMotionMonitor.h */,
				C6FACC9B1BA8B3E300976D09 /* ZHMotionMonitor.m */,
				C6A5B83D1BB11B2800AA0E7B /* ZHCameraMonitor.h */,
				C6A5B83E1BB11B2800AA0E7B /* ZHCameraMonitor.m */,
			);
			name = Sensors;
			sourceTree = "<group>";
		};
		C6A5B8491BB122CE00AA0E7B /* Base */ = {
			isa = PBXGroup;
			children = (
				C6A5B84A1BB1232500AA0E7B /* ZHViewImports.h */,
				C6A5B8401BB122A700AA0E7B /* ZHViewController.h */,
				C6A5B8411BB122A700AA0E7B /* ZHViewController.m */,
				C6A5B8431BB122B800AA0E7B /* ZHTableViewController.h */,
				C6A5B8441BB122B800AA0E7B /* ZHTableViewController.m */,
				C6A5B8461BB122CA00AA0E7B /* ZHCollectionViewController.h */,
				C6A5B8471BB122CA00AA0E7B /* ZHCollectionViewController.m */,
			);
			name = Base;
			sourceTree = "<group>";
		};
		C6A5B84B1BB123CE00AA0E7B /* Resources */ = {
			isa = PBXGroup;
			children = (
				C680BF101BB0EEE400E58F43 /* AKSoundFiles.bundle */,
			);
			name = Resources;
			sourceTree = "<group>";
		};
		C6CEAFCB1BA91CF400569A38 /* Categories */ = {
			isa = PBXGroup;
			children = (
				C6CEAFC21BA91CEF00569A38 /* UIViewController+AlertController.h */,
				C6CEAFC31BA91CEF00569A38 /* UIViewController+AlertController.m */,
				C6CEAFC41BA91CEF00569A38 /* UIColor+ZH.h */,
				C6CEAFC51BA91CEF00569A38 /* UIColor+ZH.m */,
				C6CEAFC61BA91CEF00569A38 /* NSTimer+Blocks.h */,
				C6CEAFC71BA91CEF00569A38 /* NSTimer+Blocks.m */,
				C631A4B71BB0B0FD00A7A153 /* SKScene+Unarchive.h */,
				C631A4B81BB0B0FD00A7A153 /* SKScene+Unarchive.m */,
			);
			name = Categories;
			sourceTree = "<group>";
		};
		C6CEAFD21BA9DB2800569A38 /* Documents */ = {
			isa = PBXGroup;
			children = (
				C6CEAFD31BA9DB3A00569A38 /* notes.txt */,
				C6CEAFD01BA9DB2400569A38 /* sdks.txt */,
			);
			name = Documents;
			sourceTree = "<group>";
		};
		C6FACC4E1BA8B26800976D09 = {
			isa = PBXGroup;
			children = (
				C6FACC591BA8B26800976D09 /* SensorTheremin */,
				C6FACC731BA8B26800976D09 /* SensorThereminTests */,
				C6FACC7E1BA8B26800976D09 /* SensorThereminUITests */,
				C6FACC581BA8B26800976D09 /* Products */,
				B5536083930516D18FE108A1 /* Pods */,
				F684F19821082CDEB14E8AFB /* Frameworks */,
			);
			sourceTree = "<group>";
		};
		C6FACC581BA8B26800976D09 /* Products */ = {
			isa = PBXGroup;
			children = (
				C6FACC571BA8B26800976D09 /* SensorTheremin.app */,
				C6FACC701BA8B26800976D09 /* SensorThereminTests.xctest */,
				C6FACC7B1BA8B26800976D09 /* SensorThereminUITests.xctest */,
			);
			name = Products;
			sourceTree = "<group>";
		};
		C6FACC591BA8B26800976D09 /* SensorTheremin */ = {
			isa = PBXGroup;
			children = (
				C6CEAFCB1BA91CF400569A38 /* Categories */,
				C6FACC991BA8B3B500976D09 /* Controllers */,
				C6CEAFD21BA9DB2800569A38 /* Documents */,
				C6FACC9D1BA8B49700976D09 /* Model */,
				C6A5B84B1BB123CE00AA0E7B /* Resources */,
				C6FACC5A1BA8B26800976D09 /* Supporting Files */,
				C6FACC971BA8B38500976D09 /* UserInterface */,
				C6FACC981BA8B38D00976D09 /* ViewControllers */,
			);
			path = SensorTheremin;
			sourceTree = "<group>";
		};
		C6FACC5A1BA8B26800976D09 /* Supporting Files */ = {
			isa = PBXGroup;
			children = (
				C6FACC6B1BA8B26800976D09 /* Info.plist */,
				C6FACC5D1BA8B26800976D09 /* AppDelegate.h */,
				C6FACC5E1BA8B26800976D09 /* AppDelegate.m */,
				C6FACC5B1BA8B26800976D09 /* main.m */,
			);
			name = "Supporting Files";
			sourceTree = "<group>";
		};
		C6FACC731BA8B26800976D09 /* SensorThereminTests */ = {
			isa = PBXGroup;
			children = (
				C6FACC741BA8B26800976D09 /* SensorThereminTests.m */,
				C6FACC761BA8B26800976D09 /* Info.plist */,
			);
			path = SensorThereminTests;
			sourceTree = "<group>";
		};
		C6FACC7E1BA8B26800976D09 /* SensorThereminUITests */ = {
			isa = PBXGroup;
			children = (
				C6FACC7F1BA8B26800976D09 /* SensorThereminUITests.m */,
				C6FACC811BA8B26800976D09 /* Info.plist */,
			);
			path = SensorThereminUITests;
			sourceTree = "<group>";
		};
		C6FACC951BA8B35B00976D09 /* Touch */ = {
			isa = PBXGroup;
			children = (
				C6FACC961BA8B36700976D09 /* Sprite */,
				C6FACC901BA8B35500976D09 /* ZHTouchViewController.h */,
				C6FACC911BA8B35500976D09 /* ZHTouchViewController.m */,
			);
			name = Touch;
			sourceTree = "<group>";
		};
		C6FACC961BA8B36700976D09 /* Sprite */ = {
			isa = PBXGroup;
			children = (
				C6FACC8D1BA8B35500976D09 /* ZHTouchScene.h */,
				C6FACC8E1BA8B35500976D09 /* ZHTouchScene.m */,
				C6FACC8F1BA8B35500976D09 /* ZHTouchScene.sks */,
				C631A4BE1BB0B37D00A7A153 /* ZHSparkEmitter.sks */,
				C631A4BF1BB0B37D00A7A153 /* spark.png */,
				C6A5B8501BB124A200AA0E7B /* ZHTrailEmitter.sks */,
			);
			name = Sprite;
			sourceTree = "<group>";
		};
		C6FACC971BA8B38500976D09 /* UserInterface */ = {
			isa = PBXGroup;
			children = (
				C6FACC631BA8B26800976D09 /* Main.storyboard */,
				C6FACC661BA8B26800976D09 /* Assets.xcassets */,
				C6FACC681BA8B26800976D09 /* LaunchScreen.storyboard */,
			);
			name = UserInterface;
			sourceTree = "<group>";
		};
		C6FACC981BA8B38D00976D09 /* ViewControllers */ = {
			isa = PBXGroup;
			children = (
				C6A5B8491BB122CE00AA0E7B /* Base */,
				C6FACC951BA8B35B00976D09 /* Touch */,
				C631A4BD1BB0B33B00A7A153 /* Settings */,
			);
			name = ViewControllers;
			sourceTree = "<group>";
		};
		C6FACC991BA8B3B500976D09 /* Controllers */ = {
			isa = PBXGroup;
			children = (
				C680BF081BB0EACC00E58F43 /* Sensors */,
				C680BF071BB0EABC00E58F43 /* Audio */,
			);
			name = Controllers;
			path = ..;
			sourceTree = "<group>";
		};
		C6FACC9D1BA8B49700976D09 /* Model */ = {
			isa = PBXGroup;
			children = (
				C6CEAFAF1BA90CBC00569A38 /* ZHNotes.h */,
				C6CEAFB01BA90CBC00569A38 /* ZHNotes.m */,
				C6CEAFB51BA90F3500569A38 /* ZHUtilities.h */,
				C6CEAFB61BA90F3500569A38 /* ZHUtilities.m */,
			);
			name = Model;
			sourceTree = "<group>";
		};
		F684F19821082CDEB14E8AFB /* Frameworks */ = {
			isa = PBXGroup;
			children = (
				7CB31F260A43435A29AD1E0F /* libPods.a */,
			);
			name = Frameworks;
			sourceTree = "<group>";
		};
/* End PBXGroup section */

/* Begin PBXNativeTarget section */
		C6FACC561BA8B26800976D09 /* SensorTheremin */ = {
			isa = PBXNativeTarget;
			buildConfigurationList = C6FACC841BA8B26800976D09 /* Build configuration list for PBXNativeTarget "SensorTheremin" */;
			buildPhases = (
				CB43CD010C6ABC740AA0AC2F /* Check Pods Manifest.lock */,
				C6FACC531BA8B26800976D09 /* Sources */,
				C6FACC541BA8B26800976D09 /* Frameworks */,
				C6FACC551BA8B26800976D09 /* Resources */,
				153E19E7DBCEEEB425198E87 /* Copy Pods Resources */,
			);
			buildRules = (
			);
			dependencies = (
			);
			name = SensorTheremin;
			productName = SensorTheremin;
			productReference = C6FACC571BA8B26800976D09 /* SensorTheremin.app */;
			productType = "com.apple.product-type.application";
		};
		C6FACC6F1BA8B26800976D09 /* SensorThereminTests */ = {
			isa = PBXNativeTarget;
			buildConfigurationList = C6FACC871BA8B26800976D09 /* Build configuration list for PBXNativeTarget "SensorThereminTests" */;
			buildPhases = (
				C6FACC6C1BA8B26800976D09 /* Sources */,
				C6FACC6D1BA8B26800976D09 /* Frameworks */,
				C6FACC6E1BA8B26800976D09 /* Resources */,
			);
			buildRules = (
			);
			dependencies = (
				C6FACC721BA8B26800976D09 /* PBXTargetDependency */,
			);
			name = SensorThereminTests;
			productName = SensorThereminTests;
			productReference = C6FACC701BA8B26800976D09 /* SensorThereminTests.xctest */;
			productType = "com.apple.product-type.bundle.unit-test";
		};
		C6FACC7A1BA8B26800976D09 /* SensorThereminUITests */ = {
			isa = PBXNativeTarget;
			buildConfigurationList = C6FACC8A1BA8B26800976D09 /* Build configuration list for PBXNativeTarget "SensorThereminUITests" */;
			buildPhases = (
				C6FACC771BA8B26800976D09 /* Sources */,
				C6FACC781BA8B26800976D09 /* Frameworks */,
				C6FACC791BA8B26800976D09 /* Resources */,
			);
			buildRules = (
			);
			dependencies = (
				C6FACC7D1BA8B26800976D09 /* PBXTargetDependency */,
			);
			name = SensorThereminUITests;
			productName = SensorThereminUITests;
			productReference = C6FACC7B1BA8B26800976D09 /* SensorThereminUITests.xctest */;
			productType = "com.apple.product-type.bundle.ui-testing";
		};
/* End PBXNativeTarget section */

/* Begin PBXProject section */
		C6FACC4F1BA8B26800976D09 /* Project object */ = {
			isa = PBXProject;
			attributes = {
				LastSwiftUpdateCheck = 0710;
				LastUpgradeCheck = 0710;
				ORGANIZATIONNAME = "Zakk Hoyt";
				TargetAttributes = {
					C6FACC561BA8B26800976D09 = {
						CreatedOnToolsVersion = 7.1;
					};
					C6FACC6F1BA8B26800976D09 = {
						CreatedOnToolsVersion = 7.1;
						TestTargetID = C6FACC561BA8B26800976D09;
					};
					C6FACC7A1BA8B26800976D09 = {
						CreatedOnToolsVersion = 7.1;
						TestTargetID = C6FACC561BA8B26800976D09;
					};
				};
			};
			buildConfigurationList = C6FACC521BA8B26800976D09 /* Build configuration list for PBXProject "SensorTheremin" */;
			compatibilityVersion = "Xcode 3.2";
			developmentRegion = English;
			hasScannedForEncodings = 0;
			knownRegions = (
				en,
				Base,
			);
			mainGroup = C6FACC4E1BA8B26800976D09;
			productRefGroup = C6FACC581BA8B26800976D09 /* Products */;
			projectDirPath = "";
			projectRoot = "";
			targets = (
				C6FACC561BA8B26800976D09 /* SensorTheremin */,
				C6FACC6F1BA8B26800976D09 /* SensorThereminTests */,
				C6FACC7A1BA8B26800976D09 /* SensorThereminUITests */,
			);
		};
/* End PBXProject section */

/* Begin PBXResourcesBuildPhase section */
		C6FACC551BA8B26800976D09 /* Resources */ = {
			isa = PBXResourcesBuildPhase;
			buildActionMask = 2147483647;
			files = (
				C6CEAFD41BA9DB3A00569A38 /* notes.txt in Resources */,
				C6FACC6A1BA8B26800976D09 /* LaunchScreen.storyboard in Resources */,
				C6CEAFD11BA9DB2400569A38 /* sdks.txt in Resources */,
				C631A4C01BB0B37D00A7A153 /* ZHSparkEmitter.sks in Resources */,
				C6FACC671BA8B26800976D09 /* Assets.xcassets in Resources */,
				C6A5B8511BB124A200AA0E7B /* ZHTrailEmitter.sks in Resources */,
				C631A4C11BB0B37D00A7A153 /* spark.png in Resources */,
				C6FACC931BA8B35500976D09 /* ZHTouchScene.sks in Resources */,
				C6FACC651BA8B26800976D09 /* Main.storyboard in Resources */,
			);
			runOnlyForDeploymentPostprocessing = 0;
		};
		C6FACC6E1BA8B26800976D09 /* Resources */ = {
			isa = PBXResourcesBuildPhase;
			buildActionMask = 2147483647;
			files = (
			);
			runOnlyForDeploymentPostprocessing = 0;
		};
		C6FACC791BA8B26800976D09 /* Resources */ = {
			isa = PBXResourcesBuildPhase;
			buildActionMask = 2147483647;
			files = (
			);
			runOnlyForDeploymentPostprocessing = 0;
		};
/* End PBXResourcesBuildPhase section */

/* Begin PBXShellScriptBuildPhase section */
		153E19E7DBCEEEB425198E87 /* Copy Pods Resources */ = {
			isa = PBXShellScriptBuildPhase;
			buildActionMask = 2147483647;
			files = (
			);
			inputPaths = (
			);
			name = "Copy Pods Resources";
			outputPaths = (
			);
			runOnlyForDeploymentPostprocessing = 0;
			shellPath = /bin/sh;
			shellScript = "\"${SRCROOT}/Pods/Target Support Files/Pods/Pods-resources.sh\"\n";
			showEnvVarsInLog = 0;
		};
		CB43CD010C6ABC740AA0AC2F /* Check Pods Manifest.lock */ = {
			isa = PBXShellScriptBuildPhase;
			buildActionMask = 2147483647;
			files = (
			);
			inputPaths = (
			);
			name = "Check Pods Manifest.lock";
			outputPaths = (
			);
			runOnlyForDeploymentPostprocessing = 0;
			shellPath = /bin/sh;
			shellScript = "diff \"${PODS_ROOT}/../Podfile.lock\" \"${PODS_ROOT}/Manifest.lock\" > /dev/null\nif [[ $? != 0 ]] ; then\n    cat << EOM\nerror: The sandbox is not in sync with the Podfile.lock. Run 'pod install' or update your CocoaPods installation.\nEOM\n    exit 1\nfi\n";
			showEnvVarsInLog = 0;
		};
/* End PBXShellScriptBuildPhase section */

/* Begin PBXSourcesBuildPhase section */
		C6FACC531BA8B26800976D09 /* Sources */ = {
			isa = PBXSourcesBuildPhase;
			buildActionMask = 2147483647;
			files = (
				C6CEAFC91BA91CEF00569A38 /* UIColor+ZH.m in Sources */,
				C631A4B91BB0B0FD00A7A153 /* SKScene+Unarchive.m in Sources */,
				C6A5B83F1BB11B2800AA0E7B /* ZHCameraMonitor.m in Sources */,
				C614B8651BAE83B700E57117 /* ZHOscillator.m in Sources */,
				C6FACC921BA8B35500976D09 /* ZHTouchScene.m in Sources */,
				C6CEAFCA1BA91CEF00569A38 /* NSTimer+Blocks.m in Sources */,
				C6FA4CCF1BB1088B0070E038 /* ZHSensors.m in Sources */,
				C6FACC941BA8B35500976D09 /* ZHTouchViewController.m in Sources */,
				C6A5B8451BB122B800AA0E7B /* ZHTableViewController.m in Sources */,
				C6CEAFB71BA90F3500569A38 /* ZHUtilities.m in Sources */,
				C631A4CA1BB0C05F00A7A153 /* ZHVariableDelay.m in Sources */,
				C6FACC5F1BA8B26800976D09 /* AppDelegate.m in Sources */,
				C6FACC9C1BA8B3E300976D09 /* ZHMotionMonitor.m in Sources */,
				C6FA4CC91BB108730070E038 /* ZHAudioController.m in Sources */,
				C6CEAFC81BA91CEF00569A38 /* UIViewController+AlertController.m in Sources */,
				C6A5B8421BB122A700AA0E7B /* ZHViewController.m in Sources */,
				C6FACC5C1BA8B26800976D09 /* main.m in Sources */,
				C631A4BC1BB0B33700A7A153 /* ZHSettingsTableViewController.m in Sources */,
				C6FA4CCE1BB1088B0070E038 /* ZHSensorInput.m in Sources */,
				C6FACCA01BA8B52400976D09 /* ZHSensor.m in Sources */,
				C6A5B8481BB122CA00AA0E7B /* ZHCollectionViewController.m in Sources */,
				C6CEAFB11BA90CBC00569A38 /* ZHNotes.m in Sources */,
			);
			runOnlyForDeploymentPostprocessing = 0;
		};
		C6FACC6C1BA8B26800976D09 /* Sources */ = {
			isa = PBXSourcesBuildPhase;
			buildActionMask = 2147483647;
			files = (
				C6FACC751BA8B26800976D09 /* SensorThereminTests.m in Sources */,
			);
			runOnlyForDeploymentPostprocessing = 0;
		};
		C6FACC771BA8B26800976D09 /* Sources */ = {
			isa = PBXSourcesBuildPhase;
			buildActionMask = 2147483647;
			files = (
				C6FACC801BA8B26800976D09 /* SensorThereminUITests.m in Sources */,
			);
			runOnlyForDeploymentPostprocessing = 0;
		};
/* End PBXSourcesBuildPhase section */

/* Begin PBXTargetDependency section */
		C6FACC721BA8B26800976D09 /* PBXTargetDependency */ = {
			isa = PBXTargetDependency;
			target = C6FACC561BA8B26800976D09 /* SensorTheremin */;
			targetProxy = C6FACC711BA8B26800976D09 /* PBXContainerItemProxy */;
		};
		C6FACC7D1BA8B26800976D09 /* PBXTargetDependency */ = {
			isa = PBXTargetDependency;
			target = C6FACC561BA8B26800976D09 /* SensorTheremin */;
			targetProxy = C6FACC7C1BA8B26800976D09 /* PBXContainerItemProxy */;
		};
/* End PBXTargetDependency section */

/* Begin PBXVariantGroup section */
		C6FACC631BA8B26800976D09 /* Main.storyboard */ = {
			isa = PBXVariantGroup;
			children = (
				C6FACC641BA8B26800976D09 /* Base */,
			);
			name = Main.storyboard;
			sourceTree = "<group>";
		};
		C6FACC681BA8B26800976D09 /* LaunchScreen.storyboard */ = {
			isa = PBXVariantGroup;
			children = (
				C6FACC691BA8B26800976D09 /* Base */,
			);
			name = LaunchScreen.storyboard;
			sourceTree = "<group>";
		};
/* End PBXVariantGroup section */

/* Begin XCBuildConfiguration section */
		C6FACC821BA8B26800976D09 /* Debug */ = {
			isa = XCBuildConfiguration;
			buildSettings = {
				ALWAYS_SEARCH_USER_PATHS = NO;
				CLANG_CXX_LANGUAGE_STANDARD = "gnu++0x";
				CLANG_CXX_LIBRARY = "libc++";
				CLANG_ENABLE_MODULES = YES;
				CLANG_ENABLE_OBJC_ARC = YES;
				CLANG_WARN_BOOL_CONVERSION = YES;
				CLANG_WARN_CONSTANT_CONVERSION = YES;
				CLANG_WARN_DIRECT_OBJC_ISA_USAGE = YES_ERROR;
				CLANG_WARN_EMPTY_BODY = YES;
				CLANG_WARN_ENUM_CONVERSION = YES;
				CLANG_WARN_INT_CONVERSION = YES;
				CLANG_WARN_OBJC_ROOT_CLASS = YES_ERROR;
				CLANG_WARN_UNREACHABLE_CODE = YES;
				CLANG_WARN__DUPLICATE_METHOD_MATCH = YES;
				"CODE_SIGN_IDENTITY[sdk=iphoneos*]" = "iPhone Developer";
				COPY_PHASE_STRIP = NO;
				DEBUG_INFORMATION_FORMAT = dwarf;
				ENABLE_STRICT_OBJC_MSGSEND = YES;
				ENABLE_TESTABILITY = YES;
				GCC_C_LANGUAGE_STANDARD = gnu99;
				GCC_DYNAMIC_NO_PIC = NO;
				GCC_NO_COMMON_BLOCKS = YES;
				GCC_OPTIMIZATION_LEVEL = 0;
				GCC_PREPROCESSOR_DEFINITIONS = (
					"DEBUG=1",
					"$(inherited)",
				);
				GCC_WARN_64_TO_32_BIT_CONVERSION = YES;
				GCC_WARN_ABOUT_RETURN_TYPE = YES_ERROR;
				GCC_WARN_UNDECLARED_SELECTOR = YES;
				GCC_WARN_UNINITIALIZED_AUTOS = YES_AGGRESSIVE;
				GCC_WARN_UNUSED_FUNCTION = YES;
				GCC_WARN_UNUSED_VARIABLE = YES;
				IPHONEOS_DEPLOYMENT_TARGET = 8.0;
				MTL_ENABLE_DEBUG_INFO = YES;
				ONLY_ACTIVE_ARCH = YES;
				SDKROOT = iphoneos;
				TARGETED_DEVICE_FAMILY = "1,2";
			};
			name = Debug;
		};
		C6FACC831BA8B26800976D09 /* Release */ = {
			isa = XCBuildConfiguration;
			buildSettings = {
				ALWAYS_SEARCH_USER_PATHS = NO;
				CLANG_CXX_LANGUAGE_STANDARD = "gnu++0x";
				CLANG_CXX_LIBRARY = "libc++";
				CLANG_ENABLE_MODULES = YES;
				CLANG_ENABLE_OBJC_ARC = YES;
				CLANG_WARN_BOOL_CONVERSION = YES;
				CLANG_WARN_CONSTANT_CONVERSION = YES;
				CLANG_WARN_DIRECT_OBJC_ISA_USAGE = YES_ERROR;
				CLANG_WARN_EMPTY_BODY = YES;
				CLANG_WARN_ENUM_CONVERSION = YES;
				CLANG_WARN_INT_CONVERSION = YES;
				CLANG_WARN_OBJC_ROOT_CLASS = YES_ERROR;
				CLANG_WARN_UNREACHABLE_CODE = YES;
				CLANG_WARN__DUPLICATE_METHOD_MATCH = YES;
				"CODE_SIGN_IDENTITY[sdk=iphoneos*]" = "iPhone Developer";
				COPY_PHASE_STRIP = NO;
				DEBUG_INFORMATION_FORMAT = "dwarf-with-dsym";
				ENABLE_NS_ASSERTIONS = NO;
				ENABLE_STRICT_OBJC_MSGSEND = YES;
				GCC_C_LANGUAGE_STANDARD = gnu99;
				GCC_NO_COMMON_BLOCKS = YES;
				GCC_WARN_64_TO_32_BIT_CONVERSION = YES;
				GCC_WARN_ABOUT_RETURN_TYPE = YES_ERROR;
				GCC_WARN_UNDECLARED_SELECTOR = YES;
				GCC_WARN_UNINITIALIZED_AUTOS = YES_AGGRESSIVE;
				GCC_WARN_UNUSED_FUNCTION = YES;
				GCC_WARN_UNUSED_VARIABLE = YES;
				IPHONEOS_DEPLOYMENT_TARGET = 8.0;
				MTL_ENABLE_DEBUG_INFO = NO;
				SDKROOT = iphoneos;
				TARGETED_DEVICE_FAMILY = "1,2";
				VALIDATE_PRODUCT = YES;
			};
			name = Release;
		};
		C6FACC851BA8B26800976D09 /* Debug */ = {
			isa = XCBuildConfiguration;
			baseConfigurationReference = FDC2A2D7C08DDBD42B258F76 /* Pods.debug.xcconfig */;
			buildSettings = {
				ASSETCATALOG_COMPILER_APPICON_NAME = AppIcon;
				ENABLE_BITCODE = NO;
				FRAMEWORK_SEARCH_PATHS = (
					"$(inherited)",
					"$(PROJECT_DIR)/SensorTheremin/AudioKit/Platforms/iOS",
					"$(PROJECT_DIR)/SensorTheremin/AudioKit/Platforms/OSX",
				);
				HEADER_SEARCH_PATHS = (
					"$(inherited)",
					"\"${PODS_ROOT}/Headers/Public\"",
					"\"${PODS_ROOT}/Headers/Public/GPUImage\"",
					"\"${PODS_ROOT}/Headers/Public/VWWPermissionKit\"",
					"SensorTheremin/ThirdPartyAudioKit/**",
				);
				INFOPLIST_FILE = SensorTheremin/Info.plist;
				IPHONEOS_DEPLOYMENT_TARGET = 8.0;
				LD_RUNPATH_SEARCH_PATHS = "$(inherited) @executable_path/Frameworks";
				LIBRARY_SEARCH_PATHS = (
					"$(inherited)",
					"$(PROJECT_DIR)/SensorTheremin/AudioKit/Platforms/iOS/libs",
				);
				PRODUCT_BUNDLE_IDENTIFIER = com.vaporwarewolf.SensorTheremin;
				PRODUCT_NAME = "$(TARGET_NAME)";
			};
			name = Debug;
		};
		C6FACC861BA8B26800976D09 /* Release */ = {
			isa = XCBuildConfiguration;
			baseConfigurationReference = 83E6F9CBD2BA672284A20D54 /* Pods.release.xcconfig */;
			buildSettings = {
				ASSETCATALOG_COMPILER_APPICON_NAME = AppIcon;
				ENABLE_BITCODE = NO;
				FRAMEWORK_SEARCH_PATHS = (
					"$(inherited)",
					"$(PROJECT_DIR)/SensorTheremin/AudioKit/Platforms/iOS",
					"$(PROJECT_DIR)/SensorTheremin/AudioKit/Platforms/OSX",
				);
				HEADER_SEARCH_PATHS = (
					"$(inherited)",
					"\"${PODS_ROOT}/Headers/Public\"",
					"\"${PODS_ROOT}/Headers/Public/GPUImage\"",
					"\"${PODS_ROOT}/Headers/Public/VWWPermissionKit\"",
					"SensorTheremin/ThirdPartyAudioKit/**",
				);
				INFOPLIST_FILE = SensorTheremin/Info.plist;
				IPHONEOS_DEPLOYMENT_TARGET = 8.0;
				LD_RUNPATH_SEARCH_PATHS = "$(inherited) @executable_path/Frameworks";
				LIBRARY_SEARCH_PATHS = (
					"$(inherited)",
					"$(PROJECT_DIR)/SensorTheremin/AudioKit/Platforms/iOS/libs",
				);
				PRODUCT_BUNDLE_IDENTIFIER = com.vaporwarewolf.SensorTheremin;
				PRODUCT_NAME = "$(TARGET_NAME)";
			};
			name = Release;
		};
		C6FACC881BA8B26800976D09 /* Debug */ = {
			isa = XCBuildConfiguration;
			buildSettings = {
				BUNDLE_LOADER = "$(TEST_HOST)";
				INFOPLIST_FILE = SensorThereminTests/Info.plist;
				LD_RUNPATH_SEARCH_PATHS = "$(inherited) @executable_path/Frameworks @loader_path/Frameworks";
				PRODUCT_BUNDLE_IDENTIFIER = com.vaporwarewolf.SensorThereminTests;
				PRODUCT_NAME = "$(TARGET_NAME)";
				TEST_HOST = "$(BUILT_PRODUCTS_DIR)/SensorTheremin.app/SensorTheremin";
			};
			name = Debug;
		};
		C6FACC891BA8B26800976D09 /* Release */ = {
			isa = XCBuildConfiguration;
			buildSettings = {
				BUNDLE_LOADER = "$(TEST_HOST)";
				INFOPLIST_FILE = SensorThereminTests/Info.plist;
				LD_RUNPATH_SEARCH_PATHS = "$(inherited) @executable_path/Frameworks @loader_path/Frameworks";
				PRODUCT_BUNDLE_IDENTIFIER = com.vaporwarewolf.SensorThereminTests;
				PRODUCT_NAME = "$(TARGET_NAME)";
				TEST_HOST = "$(BUILT_PRODUCTS_DIR)/SensorTheremin.app/SensorTheremin";
			};
			name = Release;
		};
		C6FACC8B1BA8B26800976D09 /* Debug */ = {
			isa = XCBuildConfiguration;
			buildSettings = {
				INFOPLIST_FILE = SensorThereminUITests/Info.plist;
				LD_RUNPATH_SEARCH_PATHS = "$(inherited) @executable_path/Frameworks @loader_path/Frameworks";
				PRODUCT_BUNDLE_IDENTIFIER = com.vaporwarewolf.SensorThereminUITests;
				PRODUCT_NAME = "$(TARGET_NAME)";
				TEST_TARGET_NAME = SensorTheremin;
				USES_XCTRUNNER = YES;
			};
			name = Debug;
		};
		C6FACC8C1BA8B26800976D09 /* Release */ = {
			isa = XCBuildConfiguration;
			buildSettings = {
				INFOPLIST_FILE = SensorThereminUITests/Info.plist;
				LD_RUNPATH_SEARCH_PATHS = "$(inherited) @executable_path/Frameworks @loader_path/Frameworks";
				PRODUCT_BUNDLE_IDENTIFIER = com.vaporwarewolf.SensorThereminUITests;
				PRODUCT_NAME = "$(TARGET_NAME)";
				TEST_TARGET_NAME = SensorTheremin;
				USES_XCTRUNNER = YES;
			};
			name = Release;
		};
/* End XCBuildConfiguration section */

/* Begin XCConfigurationList section */
		C6FACC521BA8B26800976D09 /* Build configuration list for PBXProject "SensorTheremin" */ = {
			isa = XCConfigurationList;
			buildConfigurations = (
				C6FACC821BA8B26800976D09 /* Debug */,
				C6FACC831BA8B26800976D09 /* Release */,
			);
			defaultConfigurationIsVisible = 0;
			defaultConfigurationName = Release;
		};
		C6FACC841BA8B26800976D09 /* Build configuration list for PBXNativeTarget "SensorTheremin" */ = {
			isa = XCConfigurationList;
			buildConfigurations = (
				C6FACC851BA8B26800976D09 /* Debug */,
				C6FACC861BA8B26800976D09 /* Release */,
			);
			defaultConfigurationIsVisible = 0;
			defaultConfigurationName = Release;
		};
		C6FACC871BA8B26800976D09 /* Build configuration list for PBXNativeTarget "SensorThereminTests" */ = {
			isa = XCConfigurationList;
			buildConfigurations = (
				C6FACC881BA8B26800976D09 /* Debug */,
				C6FACC891BA8B26800976D09 /* Release */,
			);
			defaultConfigurationIsVisible = 0;
			defaultConfigurationName = Release;
		};
		C6FACC8A1BA8B26800976D09 /* Build configuration list for PBXNativeTarget "SensorThereminUITests" */ = {
			isa = XCConfigurationList;
			buildConfigurations = (
				C6FACC8B1BA8B26800976D09 /* Debug */,
				C6FACC8C1BA8B26800976D09 /* Release */,
			);
			defaultConfigurationIsVisible = 0;
			defaultConfigurationName = Release;
		};
/* End XCConfigurationList section */
	};
	rootObject = C6FACC4F1BA8B26800976D09 /* Project object */;
}
